
Microsoft Visual Studio Solution File, Format Version 12.00
# Visual Studio 15
VisualStudioVersion = 15.0.27703.2026
MinimumVisualStudioVersion = 10.0.40219.1
Project("{FAE04EC0-301F-11D3-BF4B-00C04F79EFBC}") = "OdeToFood", "OdeToFood\OdeToFood.csproj", "{D3C271BD-53CF-4EFD-9E4E-D57272AF6212}"
EndProject
Global
	GlobalSection(SolutionConfigurationPlatforms) = preSolution
		Debug|Any CPU = Debug|Any CPU
		Release|Any CPU = Release|Any CPU
	EndGlobalSection
	GlobalSection(ProjectConfigurationPlatforms) = postSolution
		{D3C271BD-53CF-4EFD-9E4E-D57272AF6212}.Debug|Any CPU.ActiveCfg = Debug|Any CPU
		{D3C271BD-53CF-4EFD-9E4E-D57272AF6212}.Debug|Any CPU.Build.0 = Debug|Any CPU
		{D3C271BD-53CF-4EFD-9E4E-D57272AF6212}.Release|Any CPU.ActiveCfg = Release|Any CPU
		{D3C271BD-53CF-4EFD-9E4E-D57272AF6212}.Release|Any CPU.Build.0 = Release|Any CPU
	EndGlobalSection
	GlobalSection(SolutionProperties) = preSolution
		HideSolutionNode = FALSE
	EndGlobalSection
	GlobalSection(ExtensibilityGlobals) = postSolution
		SolutionGuid = {E37A1F29-240E-4666-8085-747BFB11265E}
	EndGlobalSection
EndGlobal
